
Microsoft Visual Studio Solution File, Format Version 12.00
# Visual Studio Version 17
VisualStudioVersion = 17.5.33414.496
MinimumVisualStudioVersion = 10.0.40219.1
Project("{FAE04EC0-301F-11D3-BF4B-00C04F79EFBC}") = "funplay", "funplay\funplay.csproj", "{17DB16BD-FFE7-417A-9217-75192AC9E388}"
EndProject
Global
	GlobalSection(SolutionConfigurationPlatforms) = preSolution
		Debug|Any CPU = Debug|Any CPU
		Release|Any CPU = Release|Any CPU
	EndGlobalSection
	GlobalSection(ProjectConfigurationPlatforms) = postSolution
		{17DB16BD-FFE7-417A-9217-75192AC9E388}.Debug|Any CPU.ActiveCfg = Debug|Any CPU
		{17DB16BD-FFE7-417A-9217-75192AC9E388}.Debug|Any CPU.Build.0 = Debug|Any CPU
		{17DB16BD-FFE7-417A-9217-75192AC9E388}.Release|Any CPU.ActiveCfg = Release|Any CPU
		{17DB16BD-FFE7-417A-9217-75192AC9E388}.Release|Any CPU.Build.0 = Release|Any CPU
	EndGlobalSection
	GlobalSection(SolutionProperties) = preSolution
		HideSolutionNode = FALSE
	EndGlobalSection
	GlobalSection(ExtensibilityGlobals) = postSolution
		SolutionGuid = {15A50F92-96CD-4576-846C-6284DD7FE60E}
	EndGlobalSection
EndGlobal
